// !$*UTF8*$!
{
	archiveVersion = 1;
	classes = {
	};
	objectVersion = 56;
	objects = {

/* Begin PBXBuildFile section */
		AA348EF929BA14D300E2DD89 /* AppDelegate.swift in Sources */ = {isa = PBXBuildFile; fileRef = AA348EF829BA14D300E2DD89 /* AppDelegate.swift */; };
		AA348EFB29BA14D300E2DD89 /* SceneDelegate.swift in Sources */ = {isa = PBXBuildFile; fileRef = AA348EFA29BA14D300E2DD89 /* SceneDelegate.swift */; };
		AA348EFD29BA14D300E2DD89 /* ViewController.swift in Sources */ = {isa = PBXBuildFile; fileRef = AA348EFC29BA14D300E2DD89 /* ViewController.swift */; };
		AA348F0029BA14D300E2DD89 /* Main.storyboard in Resources */ = {isa = PBXBuildFile; fileRef = AA348EFE29BA14D300E2DD89 /* Main.storyboard */; };
		AA348F0229BA14D400E2DD89 /* Assets.xcassets in Resources */ = {isa = PBXBuildFile; fileRef = AA348F0129BA14D400E2DD89 /* Assets.xcassets */; };
		AA348F0529BA14D400E2DD89 /* LaunchScreen.storyboard in Resources */ = {isa = PBXBuildFile; fileRef = AA348F0329BA14D400E2DD89 /* LaunchScreen.storyboard */; };
		AA348F0E29BA150300E2DD89 /* APIDecodableResponseRequest.swift in Sources */ = {isa = PBXBuildFile; fileRef = AA348F0D29BA150300E2DD89 /* APIDecodableResponseRequest.swift */; };
		AA348F1029BA152E00E2DD89 /* DecodableResponseRequest.swift in Sources */ = {isa = PBXBuildFile; fileRef = AA348F0F29BA152E00E2DD89 /* DecodableResponseRequest.swift */; };
		AA348F1229BA161100E2DD89 /* DataProviderProtocol.swift in Sources */ = {isa = PBXBuildFile; fileRef = AA348F1129BA161100E2DD89 /* DataProviderProtocol.swift */; };
		AA348F1729BA1FC400E2DD89 /* DataProvider.swift in Sources */ = {isa = PBXBuildFile; fileRef = AA348F1629BA1FC400E2DD89 /* DataProvider.swift */; };
		AA348F1929BA1FE500E2DD89 /* APIRequestInterceptor.swift in Sources */ = {isa = PBXBuildFile; fileRef = AA348F1829BA1FE500E2DD89 /* APIRequestInterceptor.swift */; };
		AA348F1C29BA1FF900E2DD89 /* Alamofire in Frameworks */ = {isa = PBXBuildFile; productRef = AA348F1B29BA1FF900E2DD89 /* Alamofire */; };
		AA348F1E29BA201700E2DD89 /* APIRequestAdapter.swift in Sources */ = {isa = PBXBuildFile; fileRef = AA348F1D29BA201700E2DD89 /* APIRequestAdapter.swift */; };
		AA348F2029BA203200E2DD89 /* APIDataProvider.swift in Sources */ = {isa = PBXBuildFile; fileRef = AA348F1F29BA203200E2DD89 /* APIDataProvider.swift */; };
		AA348F2229BA207A00E2DD89 /* APILogger.swift in Sources */ = {isa = PBXBuildFile; fileRef = AA348F2129BA207A00E2DD89 /* APILogger.swift */; };
		AA348F2529BA21DC00E2DD89 /* GetPostsRequest.swift in Sources */ = {isa = PBXBuildFile; fileRef = AA348F2429BA21DC00E2DD89 /* GetPostsRequest.swift */; };
		AA348F2A29BA22B500E2DD89 /* PostsResponseModel.swift in Sources */ = {isa = PBXBuildFile; fileRef = AA348F2929BA22B500E2DD89 /* PostsResponseModel.swift */; };
		AA348F2D29BA240400E2DD89 /* HomeViewModel.swift in Sources */ = {isa = PBXBuildFile; fileRef = AA348F2C29BA240400E2DD89 /* HomeViewModel.swift */; };
		AA348F2F29BA254000E2DD89 /* BaseViewModel.swift in Sources */ = {isa = PBXBuildFile; fileRef = AA348F2E29BA254000E2DD89 /* BaseViewModel.swift */; };
		AA9DC53429BB1F02009A2CDE /* AddPostsRequest.swift in Sources */ = {isa = PBXBuildFile; fileRef = AA9DC53329BB1F02009A2CDE /* AddPostsRequest.swift */; };
/* End PBXBuildFile section */

/* Begin PBXFileReference section */
		AA348EF529BA14D300E2DD89 /* GenericNetworkLayer.app */ = {isa = PBXFileReference; explicitFileType = wrapper.application; includeInIndex = 0; path = GenericNetworkLayer.app; sourceTree = BUILT_PRODUCTS_DIR; };
		AA348EF829BA14D300E2DD89 /* AppDelegate.swift */ = {isa = PBXFileReference; lastKnownFileType = sourcecode.swift; path = AppDelegate.swift; sourceTree = "<group>"; };
		AA348EFA29BA14D300E2DD89 /* SceneDelegate.swift */ = {isa = PBXFileReference; lastKnownFileType = sourcecode.swift; path = SceneDelegate.swift; sourceTree = "<group>"; };
		AA348EFC29BA14D300E2DD89 /* ViewController.swift */ = {isa = PBXFileReference; lastKnownFileType = sourcecode.swift; path = ViewController.swift; sourceTree = "<group>"; };
		AA348EFF29BA14D300E2DD89 /* Base */ = {isa = PBXFileReference; lastKnownFileType = file.storyboard; name = Base; path = Base.lproj/Main.storyboard; sourceTree = "<group>"; };
		AA348F0129BA14D400E2DD89 /* Assets.xcassets */ = {isa = PBXFileReference; lastKnownFileType = folder.assetcatalog; path = Assets.xcassets; sourceTree = "<group>"; };
		AA348F0429BA14D400E2DD89 /* Base */ = {isa = PBXFileReference; lastKnownFileType = file.storyboard; name = Base; path = Base.lproj/LaunchScreen.storyboard; sourceTree = "<group>"; };
		AA348F0629BA14D400E2DD89 /* Info.plist */ = {isa = PBXFileReference; lastKnownFileType = text.plist.xml; path = Info.plist; sourceTree = "<group>"; };
		AA348F0D29BA150300E2DD89 /* APIDecodableResponseRequest.swift */ = {isa = PBXFileReference; lastKnownFileType = sourcecode.swift; path = APIDecodableResponseRequest.swift; sourceTree = "<group>"; };
		AA348F0F29BA152E00E2DD89 /* DecodableResponseRequest.swift */ = {isa = PBXFileReference; lastKnownFileType = sourcecode.swift; path = DecodableResponseRequest.swift; sourceTree = "<group>"; };
		AA348F1129BA161100E2DD89 /* DataProviderProtocol.swift */ = {isa = PBXFileReference; lastKnownFileType = sourcecode.swift; path = DataProviderProtocol.swift; sourceTree = "<group>"; };
		AA348F1629BA1FC400E2DD89 /* DataProvider.swift */ = {isa = PBXFileReference; lastKnownFileType = sourcecode.swift; path = DataProvider.swift; sourceTree = "<group>"; };
		AA348F1829BA1FE500E2DD89 /* APIRequestInterceptor.swift */ = {isa = PBXFileReference; lastKnownFileType = sourcecode.swift; path = APIRequestInterceptor.swift; sourceTree = "<group>"; };
		AA348F1D29BA201700E2DD89 /* APIRequestAdapter.swift */ = {isa = PBXFileReference; lastKnownFileType = sourcecode.swift; path = APIRequestAdapter.swift; sourceTree = "<group>"; };
		AA348F1F29BA203200E2DD89 /* APIDataProvider.swift */ = {isa = PBXFileReference; lastKnownFileType = sourcecode.swift; path = APIDataProvider.swift; sourceTree = "<group>"; };
		AA348F2129BA207A00E2DD89 /* APILogger.swift */ = {isa = PBXFileReference; lastKnownFileType = sourcecode.swift; path = APILogger.swift; sourceTree = "<group>"; };
		AA348F2429BA21DC00E2DD89 /* GetPostsRequest.swift */ = {isa = PBXFileReference; lastKnownFileType = sourcecode.swift; path = GetPostsRequest.swift; sourceTree = "<group>"; };
		AA348F2929BA22B500E2DD89 /* PostsResponseModel.swift */ = {isa = PBXFileReference; lastKnownFileType = sourcecode.swift; path = PostsResponseModel.swift; sourceTree = "<group>"; };
		AA348F2C29BA240400E2DD89 /* HomeViewModel.swift */ = {isa = PBXFileReference; lastKnownFileType = sourcecode.swift; path = HomeViewModel.swift; sourceTree = "<group>"; };
		AA348F2E29BA254000E2DD89 /* BaseViewModel.swift */ = {isa = PBXFileReference; lastKnownFileType = sourcecode.swift; path = BaseViewModel.swift; sourceTree = "<group>"; };
		AA9DC53329BB1F02009A2CDE /* AddPostsRequest.swift */ = {isa = PBXFileReference; lastKnownFileType = sourcecode.swift; path = AddPostsRequest.swift; sourceTree = "<group>"; };
/* End PBXFileReference section */

/* Begin PBXFrameworksBuildPhase section */
		AA348EF229BA14D300E2DD89 /* Frameworks */ = {
			isa = PBXFrameworksBuildPhase;
			buildActionMask = 2147483647;
			files = (
				AA348F1C29BA1FF900E2DD89 /* Alamofire in Frameworks */,
			);
			runOnlyForDeploymentPostprocessing = 0;
		};
/* End PBXFrameworksBuildPhase section */

/* Begin PBXGroup section */
		AA348EEC29BA14D300E2DD89 = {
			isa = PBXGroup;
			children = (
				AA348EF729BA14D300E2DD89 /* GenericNetworkLayer */,
				AA348EF629BA14D300E2DD89 /* Products */,
			);
			sourceTree = "<group>";
		};
		AA348EF629BA14D300E2DD89 /* Products */ = {
			isa = PBXGroup;
			children = (
				AA348EF529BA14D300E2DD89 /* GenericNetworkLayer.app */,
			);
			name = Products;
			sourceTree = "<group>";
		};
		AA348EF729BA14D300E2DD89 /* GenericNetworkLayer */ = {
			isa = PBXGroup;
			children = (
				AA348F1429BA1F9400E2DD89 /* Resources */,
				AA348F1529BA1FAD00E2DD89 /* Scenes */,
				AA348F2B29BA23F600E2DD89 /* ViewModels */,
				AA348F2829BA22A800E2DD89 /* Models */,
				AA348F2329BA21BD00E2DD89 /* Requests */,
				AA348F1329BA1F6000E2DD89 /* BaseNetworkLayer */,
				AA348F0C29BA14F000E2DD89 /* Dataprovider */,
			);
			path = GenericNetworkLayer;
			sourceTree = "<group>";
		};
		AA348F0C29BA14F000E2DD89 /* Dataprovider */ = {
			isa = PBXGroup;
			children = (
				AA348F0D29BA150300E2DD89 /* APIDecodableResponseRequest.swift */,
				AA348F0F29BA152E00E2DD89 /* DecodableResponseRequest.swift */,
				AA348F1129BA161100E2DD89 /* DataProviderProtocol.swift */,
			);
			path = Dataprovider;
			sourceTree = "<group>";
		};
		AA348F1329BA1F6000E2DD89 /* BaseNetworkLayer */ = {
			isa = PBXGroup;
			children = (
				AA348F1629BA1FC400E2DD89 /* DataProvider.swift */,
				AA348F1829BA1FE500E2DD89 /* APIRequestInterceptor.swift */,
				AA348F1D29BA201700E2DD89 /* APIRequestAdapter.swift */,
				AA348F1F29BA203200E2DD89 /* APIDataProvider.swift */,
				AA348F2129BA207A00E2DD89 /* APILogger.swift */,
			);
			path = BaseNetworkLayer;
			sourceTree = "<group>";
		};
		AA348F1429BA1F9400E2DD89 /* Resources */ = {
			isa = PBXGroup;
			children = (
				AA348F0629BA14D400E2DD89 /* Info.plist */,
				AA348EF829BA14D300E2DD89 /* AppDelegate.swift */,
				AA348EFA29BA14D300E2DD89 /* SceneDelegate.swift */,
				AA348F0129BA14D400E2DD89 /* Assets.xcassets */,
			);
			path = Resources;
			sourceTree = "<group>";
		};
		AA348F1529BA1FAD00E2DD89 /* Scenes */ = {
			isa = PBXGroup;
			children = (
				AA348F0329BA14D400E2DD89 /* LaunchScreen.storyboard */,
				AA348EFE29BA14D300E2DD89 /* Main.storyboard */,
				AA348EFC29BA14D300E2DD89 /* ViewController.swift */,
			);
			path = Scenes;
			sourceTree = "<group>";
		};
		AA348F2329BA21BD00E2DD89 /* Requests */ = {
			isa = PBXGroup;
			children = (
				AA348F2429BA21DC00E2DD89 /* GetPostsRequest.swift */,
				AA9DC53329BB1F02009A2CDE /* AddPostsRequest.swift */,
			);
			path = Requests;
			sourceTree = "<group>";
		};
		AA348F2829BA22A800E2DD89 /* Models */ = {
			isa = PBXGroup;
			children = (
				AA348F2929BA22B500E2DD89 /* PostsResponseModel.swift */,
			);
			path = Models;
			sourceTree = "<group>";
		};
		AA348F2B29BA23F600E2DD89 /* ViewModels */ = {
			isa = PBXGroup;
			children = (
				AA348F2C29BA240400E2DD89 /* HomeViewModel.swift */,
				AA348F2E29BA254000E2DD89 /* BaseViewModel.swift */,
			);
			path = ViewModels;
			sourceTree = "<group>";
		};
/* End PBXGroup section */

/* Begin PBXNativeTarget section */
		AA348EF429BA14D300E2DD89 /* GenericNetworkLayer */ = {
			isa = PBXNativeTarget;
			buildConfigurationList = AA348F0929BA14D400E2DD89 /* Build configuration list for PBXNativeTarget "GenericNetworkLayer" */;
			buildPhases = (
				AA348EF129BA14D300E2DD89 /* Sources */,
				AA348EF229BA14D300E2DD89 /* Frameworks */,
				AA348EF329BA14D300E2DD89 /* Resources */,
			);
			buildRules = (
			);
			dependencies = (
			);
			name = GenericNetworkLayer;
			packageProductDependencies = (
				AA348F1B29BA1FF900E2DD89 /* Alamofire */,
			);
			productName = GenericNetworkLayer;
			productReference = AA348EF529BA14D300E2DD89 /* GenericNetworkLayer.app */;
			productType = "com.apple.product-type.application";
		};
/* End PBXNativeTarget section */

/* Begin PBXProject section */
		AA348EED29BA14D300E2DD89 /* Project object */ = {
			isa = PBXProject;
			attributes = {
				BuildIndependentTargetsInParallel = 1;
				LastSwiftUpdateCheck = 1420;
				LastUpgradeCheck = 1420;
				TargetAttributes = {
					AA348EF429BA14D300E2DD89 = {
						CreatedOnToolsVersion = 14.2;
					};
				};
			};
			buildConfigurationList = AA348EF029BA14D300E2DD89 /* Build configuration list for PBXProject "GenericNetworkLayer" */;
			compatibilityVersion = "Xcode 14.0";
			developmentRegion = en;
			hasScannedForEncodings = 0;
			knownRegions = (
				en,
				Base,
			);
			mainGroup = AA348EEC29BA14D300E2DD89;
			packageReferences = (
				AA348F1A29BA1FF900E2DD89 /* XCRemoteSwiftPackageReference "Alamofire" */,
			);
			productRefGroup = AA348EF629BA14D300E2DD89 /* Products */;
			projectDirPath = "";
			projectRoot = "";
			targets = (
				AA348EF429BA14D300E2DD89 /* GenericNetworkLayer */,
			);
		};
/* End PBXProject section */

/* Begin PBXResourcesBuildPhase section */
		AA348EF329BA14D300E2DD89 /* Resources */ = {
			isa = PBXResourcesBuildPhase;
			buildActionMask = 2147483647;
			files = (
				AA348F0529BA14D400E2DD89 /* LaunchScreen.storyboard in Resources */,
				AA348F0229BA14D400E2DD89 /* Assets.xcassets in Resources */,
				AA348F0029BA14D300E2DD89 /* Main.storyboard in Resources */,
			);
			runOnlyForDeploymentPostprocessing = 0;
		};
/* End PBXResourcesBuildPhase section */

/* Begin PBXSourcesBuildPhase section */
		AA348EF129BA14D300E2DD89 /* Sources */ = {
			isa = PBXSourcesBuildPhase;
			buildActionMask = 2147483647;
			files = (
				AA348F1E29BA201700E2DD89 /* APIRequestAdapter.swift in Sources */,
				AA348F1929BA1FE500E2DD89 /* APIRequestInterceptor.swift in Sources */,
				AA348EFD29BA14D300E2DD89 /* ViewController.swift in Sources */,
				AA348F2229BA207A00E2DD89 /* APILogger.swift in Sources */,
				AA348F2F29BA254000E2DD89 /* BaseViewModel.swift in Sources */,
				AA348F2A29BA22B500E2DD89 /* PostsResponseModel.swift in Sources */,
				AA348F2029BA203200E2DD89 /* APIDataProvider.swift in Sources */,
				AA348EF929BA14D300E2DD89 /* AppDelegate.swift in Sources */,
				AA348F1029BA152E00E2DD89 /* DecodableResponseRequest.swift in Sources */,
				AA348F1729BA1FC400E2DD89 /* DataProvider.swift in Sources */,
				AA348EFB29BA14D300E2DD89 /* SceneDelegate.swift in Sources */,
				AA9DC53429BB1F02009A2CDE /* AddPostsRequest.swift in Sources */,
				AA348F1229BA161100E2DD89 /* DataProviderProtocol.swift in Sources */,
				AA348F0E29BA150300E2DD89 /* APIDecodableResponseRequest.swift in Sources */,
				AA348F2D29BA240400E2DD89 /* HomeViewModel.swift in Sources */,
				AA348F2529BA21DC00E2DD89 /* GetPostsRequest.swift in Sources */,
			);
			runOnlyForDeploymentPostprocessing = 0;
		};
/* End PBXSourcesBuildPhase section */

/* Begin PBXVariantGroup section */
		AA348EFE29BA14D300E2DD89 /* Main.storyboard */ = {
			isa = PBXVariantGroup;
			children = (
				AA348EFF29BA14D300E2DD89 /* Base */,
			);
			name = Main.storyboard;
			sourceTree = "<group>";
		};
		AA348F0329BA14D400E2DD89 /* LaunchScreen.storyboard */ = {
			isa = PBXVariantGroup;
			children = (
				AA348F0429BA14D400E2DD89 /* Base */,
			);
			name = LaunchScreen.storyboard;
			sourceTree = "<group>";
		};
/* End PBXVariantGroup section */

/* Begin XCBuildConfiguration section */
		AA348F0729BA14D400E2DD89 /* Debug */ = {
			isa = XCBuildConfiguration;
			buildSettings = {
				ALWAYS_SEARCH_USER_PATHS = NO;
				CLANG_ANALYZER_NONNULL = YES;
				CLANG_ANALYZER_NUMBER_OBJECT_CONVERSION = YES_AGGRESSIVE;
				CLANG_CXX_LANGUAGE_STANDARD = "gnu++20";
				CLANG_ENABLE_MODULES = YES;
				CLANG_ENABLE_OBJC_ARC = YES;
				CLANG_ENABLE_OBJC_WEAK = YES;
				CLANG_WARN_BLOCK_CAPTURE_AUTORELEASING = YES;
				CLANG_WARN_BOOL_CONVERSION = YES;
				CLANG_WARN_COMMA = YES;
				CLANG_WARN_CONSTANT_CONVERSION = YES;
				CLANG_WARN_DEPRECATED_OBJC_IMPLEMENTATIONS = YES;
				CLANG_WARN_DIRECT_OBJC_ISA_USAGE = YES_ERROR;
				CLANG_WARN_DOCUMENTATION_COMMENTS = YES;
				CLANG_WARN_EMPTY_BODY = YES;
				CLANG_WARN_ENUM_CONVERSION = YES;
				CLANG_WARN_INFINITE_RECURSION = YES;
				CLANG_WARN_INT_CONVERSION = YES;
				CLANG_WARN_NON_LITERAL_NULL_CONVERSION = YES;
				CLANG_WARN_OBJC_IMPLICIT_RETAIN_SELF = YES;
				CLANG_WARN_OBJC_LITERAL_CONVERSION = YES;
				CLANG_WARN_OBJC_ROOT_CLASS = YES_ERROR;
				CLANG_WARN_QUOTED_INCLUDE_IN_FRAMEWORK_HEADER = YES;
				CLANG_WARN_RANGE_LOOP_ANALYSIS = YES;
				CLANG_WARN_STRICT_PROTOTYPES = YES;
				CLANG_WARN_SUSPICIOUS_MOVE = YES;
				CLANG_WARN_UNGUARDED_AVAILABILITY = YES_AGGRESSIVE;
				CLANG_WARN_UNREACHABLE_CODE = YES;
				CLANG_WARN__DUPLICATE_METHOD_MATCH = YES;
				COPY_PHASE_STRIP = NO;
				DEBUG_INFORMATION_FORMAT = dwarf;
				ENABLE_STRICT_OBJC_MSGSEND = YES;
				ENABLE_TESTABILITY = YES;
				GCC_C_LANGUAGE_STANDARD = gnu11;
				GCC_DYNAMIC_NO_PIC = NO;
				GCC_NO_COMMON_BLOCKS = YES;
				GCC_OPTIMIZATION_LEVEL = 0;
				GCC_PREPROCESSOR_DEFINITIONS = (
					"DEBUG=1",
					"$(inherited)",
				);
				GCC_WARN_64_TO_32_BIT_CONVERSION = YES;
				GCC_WARN_ABOUT_RETURN_TYPE = YES_ERROR;
				GCC_WARN_UNDECLARED_SELECTOR = YES;
				GCC_WARN_UNINITIALIZED_AUTOS = YES_AGGRESSIVE;
				GCC_WARN_UNUSED_FUNCTION = YES;
				GCC_WARN_UNUSED_VARIABLE = YES;
				IPHONEOS_DEPLOYMENT_TARGET = 16.2;
				MTL_ENABLE_DEBUG_INFO = INCLUDE_SOURCE;
				MTL_FAST_MATH = YES;
				ONLY_ACTIVE_ARCH = YES;
				SDKROOT = iphoneos;
				SWIFT_ACTIVE_COMPILATION_CONDITIONS = DEBUG;
				SWIFT_OPTIMIZATION_LEVEL = "-Onone";
			};
			name = Debug;
		};
		AA348F0829BA14D400E2DD89 /* Release */ = {
			isa = XCBuildConfiguration;
			buildSettings = {
				ALWAYS_SEARCH_USER_PATHS = NO;
				CLANG_ANALYZER_NONNULL = YES;
				CLANG_ANALYZER_NUMBER_OBJECT_CONVERSION = YES_AGGRESSIVE;
				CLANG_CXX_LANGUAGE_STANDARD = "gnu++20";
				CLANG_ENABLE_MODULES = YES;
				CLANG_ENABLE_OBJC_ARC = YES;
				CLANG_ENABLE_OBJC_WEAK = YES;
				CLANG_WARN_BLOCK_CAPTURE_AUTORELEASING = YES;
				CLANG_WARN_BOOL_CONVERSION = YES;
				CLANG_WARN_COMMA = YES;
				CLANG_WARN_CONSTANT_CONVERSION = YES;
				CLANG_WARN_DEPRECATED_OBJC_IMPLEMENTATIONS = YES;
				CLANG_WARN_DIRECT_OBJC_ISA_USAGE = YES_ERROR;
				CLANG_WARN_DOCUMENTATION_COMMENTS = YES;
				CLANG_WARN_EMPTY_BODY = YES;
				CLANG_WARN_ENUM_CONVERSION = YES;
				CLANG_WARN_INFINITE_RECURSION = YES;
				CLANG_WARN_INT_CONVERSION = YES;
				CLANG_WARN_NON_LITERAL_NULL_CONVERSION = YES;
				CLANG_WARN_OBJC_IMPLICIT_RETAIN_SELF = YES;
				CLANG_WARN_OBJC_LITERAL_CONVERSION = YES;
				CLANG_WARN_OBJC_ROOT_CLASS = YES_ERROR;
				CLANG_WARN_QUOTED_INCLUDE_IN_FRAMEWORK_HEADER = YES;
				CLANG_WARN_RANGE_LOOP_ANALYSIS = YES;
				CLANG_WARN_STRICT_PROTOTYPES = YES;
				CLANG_WARN_SUSPICIOUS_MOVE = YES;
				CLANG_WARN_UNGUARDED_AVAILABILITY = YES_AGGRESSIVE;
				CLANG_WARN_UNREACHABLE_CODE = YES;
				CLANG_WARN__DUPLICATE_METHOD_MATCH = YES;
				COPY_PHASE_STRIP = NO;
				DEBUG_INFORMATION_FORMAT = "dwarf-with-dsym";
				ENABLE_NS_ASSERTIONS = NO;
				ENABLE_STRICT_OBJC_MSGSEND = YES;
				GCC_C_LANGUAGE_STANDARD = gnu11;
				GCC_NO_COMMON_BLOCKS = YES;
				GCC_WARN_64_TO_32_BIT_CONVERSION = YES;
				GCC_WARN_ABOUT_RETURN_TYPE = YES_ERROR;
				GCC_WARN_UNDECLARED_SELECTOR = YES;
				GCC_WARN_UNINITIALIZED_AUTOS = YES_AGGRESSIVE;
				GCC_WARN_UNUSED_FUNCTION = YES;
				GCC_WARN_UNUSED_VARIABLE = YES;
				IPHONEOS_DEPLOYMENT_TARGET = 16.2;
				MTL_ENABLE_DEBUG_INFO = NO;
				MTL_FAST_MATH = YES;
				SDKROOT = iphoneos;
				SWIFT_COMPILATION_MODE = wholemodule;
				SWIFT_OPTIMIZATION_LEVEL = "-O";
				VALIDATE_PRODUCT = YES;
			};
			name = Release;
		};
		AA348F0A29BA14D400E2DD89 /* Debug */ = {
			isa = XCBuildConfiguration;
			buildSettings = {
				ASSETCATALOG_COMPILER_APPICON_NAME = AppIcon;
				ASSETCATALOG_COMPILER_GLOBAL_ACCENT_COLOR_NAME = AccentColor;
				CODE_SIGN_STYLE = Automatic;
				CURRENT_PROJECT_VERSION = 1;
				DEVELOPMENT_TEAM = YW89A2JD7V;
				GENERATE_INFOPLIST_FILE = YES;
				INFOPLIST_FILE = GenericNetworkLayer/Resources/Info.plist;
				INFOPLIST_KEY_UIApplicationSupportsIndirectInputEvents = YES;
				INFOPLIST_KEY_UILaunchStoryboardName = LaunchScreen;
				INFOPLIST_KEY_UIMainStoryboardFile = Main;
				INFOPLIST_KEY_UISupportedInterfaceOrientations_iPad = "UIInterfaceOrientationPortrait UIInterfaceOrientationPortraitUpsideDown UIInterfaceOrientationLandscapeLeft UIInterfaceOrientationLandscapeRight";
				INFOPLIST_KEY_UISupportedInterfaceOrientations_iPhone = "UIInterfaceOrientationPortrait UIInterfaceOrientationLandscapeLeft UIInterfaceOrientationLandscapeRight";
				LD_RUNPATH_SEARCH_PATHS = (
					"$(inherited)",
					"@executable_path/Frameworks",
				);
				MARKETING_VERSION = 1.0;
				PRODUCT_BUNDLE_IDENTIFIER = com.ugurhmz.GenericNetworkLayer;
				PRODUCT_NAME = "$(TARGET_NAME)";
				SWIFT_EMIT_LOC_STRINGS = YES;
				SWIFT_VERSION = 5.0;
				TARGETED_DEVICE_FAMILY = "1,2";
			};
			name = Debug;
		};
		AA348F0B29BA14D400E2DD89 /* Release */ = {
			isa = XCBuildConfiguration;
			buildSettings = {
				ASSETCATALOG_COMPILER_APPICON_NAME = AppIcon;
				ASSETCATALOG_COMPILER_GLOBAL_ACCENT_COLOR_NAME = AccentColor;
				CODE_SIGN_STYLE = Automatic;
				CURRENT_PROJECT_VERSION = 1;
				DEVELOPMENT_TEAM = YW89A2JD7V;
				GENERATE_INFOPLIST_FILE = YES;
				INFOPLIST_FILE = GenericNetworkLayer/Resources/Info.plist;
				INFOPLIST_KEY_UIApplicationSupportsIndirectInputEvents = YES;
				INFOPLIST_KEY_UILaunchStoryboardName = LaunchScreen;
				INFOPLIST_KEY_UIMainStoryboardFile = Main;
				INFOPLIST_KEY_UISupportedInterfaceOrientations_iPad = "UIInterfaceOrientationPortrait UIInterfaceOrientationPortraitUpsideDown UIInterfaceOrientationLandscapeLeft UIInterfaceOrientationLandscapeRight";
				INFOPLIST_KEY_UISupportedInterfaceOrientations_iPhone = "UIInterfaceOrientationPortrait UIInterfaceOrientationLandscapeLeft UIInterfaceOrientationLandscapeRight";
				LD_RUNPATH_SEARCH_PATHS = (
					"$(inherited)",
					"@executable_path/Frameworks",
				);
				MARKETING_VERSION = 1.0;
				PRODUCT_BUNDLE_IDENTIFIER = com.ugurhmz.GenericNetworkLayer;
				PRODUCT_NAME = "$(TARGET_NAME)";
				SWIFT_EMIT_LOC_STRINGS = YES;
				SWIFT_VERSION = 5.0;
				TARGETED_DEVICE_FAMILY = "1,2";
			};
			name = Release;
		};
/* End XCBuildConfiguration section */

/* Begin XCConfigurationList section */
		AA348EF029BA14D300E2DD89 /* Build configuration list for PBXProject "GenericNetworkLayer" */ = {
			isa = XCConfigurationList;
			buildConfigurations = (
				AA348F0729BA14D400E2DD89 /* Debug */,
				AA348F0829BA14D400E2DD89 /* Release */,
			);
			defaultConfigurationIsVisible = 0;
			defaultConfigurationName = Release;
		};
		AA348F0929BA14D400E2DD89 /* Build configuration list for PBXNativeTarget "GenericNetworkLayer" */ = {
			isa = XCConfigurationList;
			buildConfigurations = (
				AA348F0A29BA14D400E2DD89 /* Debug */,
				AA348F0B29BA14D400E2DD89 /* Release */,
			);
			defaultConfigurationIsVisible = 0;
			defaultConfigurationName = Release;
		};
/* End XCConfigurationList section */

/* Begin XCRemoteSwiftPackageReference section */
		AA348F1A29BA1FF900E2DD89 /* XCRemoteSwiftPackageReference "Alamofire" */ = {
			isa = XCRemoteSwiftPackageReference;
			repositoryURL = "https://github.com/Alamofire/Alamofire.git";
			requirement = {
				branch = master;
				kind = branch;
			};
		};
/* End XCRemoteSwiftPackageReference section */

/* Begin XCSwiftPackageProductDependency section */
		AA348F1B29BA1FF900E2DD89 /* Alamofire */ = {
			isa = XCSwiftPackageProductDependency;
			package = AA348F1A29BA1FF900E2DD89 /* XCRemoteSwiftPackageReference "Alamofire" */;
			productName = Alamofire;
		};
/* End XCSwiftPackageProductDependency section */
	};
	rootObject = AA348EED29BA14D300E2DD89 /* Project object */;
}
